
Microsoft Visual Studio Solution File, Format Version 12.00
# Visual Studio Version 17
VisualStudioVersion = 17.13.35931.197 d17.13
MinimumVisualStudioVersion = 10.0.40219.1
Project("{FAE04EC0-301F-11D3-BF4B-00C04F79EFBC}") = "SistemaDeVendaS_C", "SistemaDeVendaS_C\SistemaDeVendaS_C.csproj", "{613E2BDF-CC2C-4CCF-95B5-B1830AD7B4C6}"
EndProject
Global
	GlobalSection(SolutionConfigurationPlatforms) = preSolution
		Debug|Any CPU = Debug|Any CPU
		Release|Any CPU = Release|Any CPU
	EndGlobalSection
	GlobalSection(ProjectConfigurationPlatforms) = postSolution
		{613E2BDF-CC2C-4CCF-95B5-B1830AD7B4C6}.Debug|Any CPU.ActiveCfg = Debug|Any CPU
		{613E2BDF-CC2C-4CCF-95B5-B1830AD7B4C6}.Debug|Any CPU.Build.0 = Debug|Any CPU
		{613E2BDF-CC2C-4CCF-95B5-B1830AD7B4C6}.Release|Any CPU.ActiveCfg = Release|Any CPU
		{613E2BDF-CC2C-4CCF-95B5-B1830AD7B4C6}.Release|Any CPU.Build.0 = Release|Any CPU
	EndGlobalSection
	GlobalSection(SolutionProperties) = preSolution
		HideSolutionNode = FALSE
	EndGlobalSection
	GlobalSection(ExtensibilityGlobals) = postSolution
		SolutionGuid = {A6C3DBBB-54F1-4361-93F6-8A59D8F9D510}
	EndGlobalSection
EndGlobal
